
Microsoft Visual Studio Solution File, Format Version 12.00
# Visual Studio Version 17
VisualStudioVersion = 17.2.32616.157
MinimumVisualStudioVersion = 10.0.40219.1
Project("{FAE04EC0-301F-11D3-BF4B-00C04F79EFBC}") = "Battleship-State-Tracker", "Battleship-State-Tracker\Battleship-State-Tracker.csproj", "{877077AB-1182-45F6-B6B2-DA77B122E759}"
EndProject
Project("{FAE04EC0-301F-11D3-BF4B-00C04F79EFBC}") = "Battleship-State-Tracker-Tests", "Battleship-State-Tracker-Tests\Battleship-State-Tracker-Tests.csproj", "{9E18B50D-1D74-4961-8A20-2373037B4E53}"
EndProject
Global
	GlobalSection(SolutionConfigurationPlatforms) = preSolution
		Debug|Any CPU = Debug|Any CPU
		Release|Any CPU = Release|Any CPU
	EndGlobalSection
	GlobalSection(ProjectConfigurationPlatforms) = postSolution
		{877077AB-1182-45F6-B6B2-DA77B122E759}.Debug|Any CPU.ActiveCfg = Debug|Any CPU
		{877077AB-1182-45F6-B6B2-DA77B122E759}.Debug|Any CPU.Build.0 = Debug|Any CPU
		{877077AB-1182-45F6-B6B2-DA77B122E759}.Release|Any CPU.ActiveCfg = Release|Any CPU
		{877077AB-1182-45F6-B6B2-DA77B122E759}.Release|Any CPU.Build.0 = Release|Any CPU
		{9E18B50D-1D74-4961-8A20-2373037B4E53}.Debug|Any CPU.ActiveCfg = Debug|Any CPU
		{9E18B50D-1D74-4961-8A20-2373037B4E53}.Debug|Any CPU.Build.0 = Debug|Any CPU
		{9E18B50D-1D74-4961-8A20-2373037B4E53}.Release|Any CPU.ActiveCfg = Release|Any CPU
		{9E18B50D-1D74-4961-8A20-2373037B4E53}.Release|Any CPU.Build.0 = Release|Any CPU
	EndGlobalSection
	GlobalSection(SolutionProperties) = preSolution
		HideSolutionNode = FALSE
	EndGlobalSection
	GlobalSection(ExtensibilityGlobals) = postSolution
		SolutionGuid = {AE9154CE-A698-4538-B7FB-C7CC1D963FD1}
	EndGlobalSection
EndGlobal
